
Microsoft Visual Studio Solution File, Format Version 12.00
# Visual Studio Version 16
VisualStudioVersion = 16.0.29709.97
MinimumVisualStudioVersion = 10.0.40219.1
Project("{8BC9CEB8-8B4A-11D0-8D11-00A0C91BC942}") = "athome_ws04", "athome_ws04.vcxproj", "{20631E3C-F4B5-4B1B-A435-189D150E64AA}"
EndProject
Global
	GlobalSection(SolutionConfigurationPlatforms) = preSolution
		Debug|x64 = Debug|x64
		Debug|x86 = Debug|x86
		Release|x64 = Release|x64
		Release|x86 = Release|x86
	EndGlobalSection
	GlobalSection(ProjectConfigurationPlatforms) = postSolution
		{20631E3C-F4B5-4B1B-A435-189D150E64AA}.Debug|x64.ActiveCfg = Debug|x64
		{20631E3C-F4B5-4B1B-A435-189D150E64AA}.Debug|x64.Build.0 = Debug|x64
		{20631E3C-F4B5-4B1B-A435-189D150E64AA}.Debug|x86.ActiveCfg = Debug|Win32
		{20631E3C-F4B5-4B1B-A435-189D150E64AA}.Debug|x86.Build.0 = Debug|Win32
		{20631E3C-F4B5-4B1B-A435-189D150E64AA}.Release|x64.ActiveCfg = Release|x64
		{20631E3C-F4B5-4B1B-A435-189D150E64AA}.Release|x64.Build.0 = Release|x64
		{20631E3C-F4B5-4B1B-A435-189D150E64AA}.Release|x86.ActiveCfg = Release|Win32
		{20631E3C-F4B5-4B1B-A435-189D150E64AA}.Release|x86.Build.0 = Release|Win32
	EndGlobalSection
	GlobalSection(SolutionProperties) = preSolution
		HideSolutionNode = FALSE
	EndGlobalSection
	GlobalSection(ExtensibilityGlobals) = postSolution
		SolutionGuid = {0D5DC387-A236-4D67-AA6D-982E6265B04E}
	EndGlobalSection
EndGlobal
