
Microsoft Visual Studio Solution File, Format Version 12.00
# Visual Studio Version 16
VisualStudioVersion = 16.0.29709.97
MinimumVisualStudioVersion = 10.0.40219.1
Project("{8BC9CEB8-8B4A-11D0-8D11-00A0C91BC942}") = "WS04", "WS04.vcxproj", "{5BBE7FC5-5E86-4CD1-9119-72CF967C37E5}"
EndProject
Global
	GlobalSection(SolutionConfigurationPlatforms) = preSolution
		Debug|x64 = Debug|x64
		Debug|x86 = Debug|x86
		Release|x64 = Release|x64
		Release|x86 = Release|x86
	EndGlobalSection
	GlobalSection(ProjectConfigurationPlatforms) = postSolution
		{5BBE7FC5-5E86-4CD1-9119-72CF967C37E5}.Debug|x64.ActiveCfg = Debug|x64
		{5BBE7FC5-5E86-4CD1-9119-72CF967C37E5}.Debug|x64.Build.0 = Debug|x64
		{5BBE7FC5-5E86-4CD1-9119-72CF967C37E5}.Debug|x86.ActiveCfg = Debug|Win32
		{5BBE7FC5-5E86-4CD1-9119-72CF967C37E5}.Debug|x86.Build.0 = Debug|Win32
		{5BBE7FC5-5E86-4CD1-9119-72CF967C37E5}.Release|x64.ActiveCfg = Release|x64
		{5BBE7FC5-5E86-4CD1-9119-72CF967C37E5}.Release|x64.Build.0 = Release|x64
		{5BBE7FC5-5E86-4CD1-9119-72CF967C37E5}.Release|x86.ActiveCfg = Release|Win32
		{5BBE7FC5-5E86-4CD1-9119-72CF967C37E5}.Release|x86.Build.0 = Release|Win32
	EndGlobalSection
	GlobalSection(SolutionProperties) = preSolution
		HideSolutionNode = FALSE
	EndGlobalSection
	GlobalSection(ExtensibilityGlobals) = postSolution
		SolutionGuid = {1396486D-473E-42A3-AE94-FB192B21B2EE}
	EndGlobalSection
EndGlobal
